
Microsoft Visual Studio Solution File, Format Version 12.00
# Visual Studio Version 17
VisualStudioVersion = 17.4.33103.184
MinimumVisualStudioVersion = 10.0.40219.1
Project("{FAE04EC0-301F-11D3-BF4B-00C04F79EFBC}") = "AccommodationApp", "AccommodationApp\AccommodationApp.csproj", "{93934C44-CBB1-4568-85E2-00F064EB2E32}"
EndProject
Global
	GlobalSection(SolutionConfigurationPlatforms) = preSolution
		Debug|Any CPU = Debug|Any CPU
		Release|Any CPU = Release|Any CPU
	EndGlobalSection
	GlobalSection(ProjectConfigurationPlatforms) = postSolution
		{93934C44-CBB1-4568-85E2-00F064EB2E32}.Debug|Any CPU.ActiveCfg = Debug|Any CPU
		{93934C44-CBB1-4568-85E2-00F064EB2E32}.Debug|Any CPU.Build.0 = Debug|Any CPU
		{93934C44-CBB1-4568-85E2-00F064EB2E32}.Release|Any CPU.ActiveCfg = Release|Any CPU
		{93934C44-CBB1-4568-85E2-00F064EB2E32}.Release|Any CPU.Build.0 = Release|Any CPU
	EndGlobalSection
	GlobalSection(SolutionProperties) = preSolution
		HideSolutionNode = FALSE
	EndGlobalSection
	GlobalSection(ExtensibilityGlobals) = postSolution
		SolutionGuid = {4CB68F36-8971-456B-AA4E-5F3C6758F929}
	EndGlobalSection
EndGlobal
